
Microsoft Visual Studio Solution File, Format Version 12.00
# Visual Studio Version 17
VisualStudioVersion = 17.2.32526.322
MinimumVisualStudioVersion = 10.0.40219.1
Project("{FAE04EC0-301F-11D3-BF4B-00C04F79EFBC}") = "Harjoitus7_NiklasVuorio", "Harjoitus7_NiklasVuorio\Harjoitus7_NiklasVuorio.csproj", "{47BEB906-0B2F-4E68-B83F-B693C52C89B3}"
EndProject
Global
	GlobalSection(SolutionConfigurationPlatforms) = preSolution
		Debug|Any CPU = Debug|Any CPU
		Release|Any CPU = Release|Any CPU
	EndGlobalSection
	GlobalSection(ProjectConfigurationPlatforms) = postSolution
		{47BEB906-0B2F-4E68-B83F-B693C52C89B3}.Debug|Any CPU.ActiveCfg = Debug|Any CPU
		{47BEB906-0B2F-4E68-B83F-B693C52C89B3}.Debug|Any CPU.Build.0 = Debug|Any CPU
		{47BEB906-0B2F-4E68-B83F-B693C52C89B3}.Release|Any CPU.ActiveCfg = Release|Any CPU
		{47BEB906-0B2F-4E68-B83F-B693C52C89B3}.Release|Any CPU.Build.0 = Release|Any CPU
	EndGlobalSection
	GlobalSection(SolutionProperties) = preSolution
		HideSolutionNode = FALSE
	EndGlobalSection
	GlobalSection(ExtensibilityGlobals) = postSolution
		SolutionGuid = {75A5C9A7-7006-48E5-BECA-34DAB53CBCE4}
	EndGlobalSection
EndGlobal
