
Microsoft Visual Studio Solution File, Format Version 12.00
# Visual Studio Version 17
VisualStudioVersion = 17.2.32526.322
MinimumVisualStudioVersion = 10.0.40219.1
Project("{FAE04EC0-301F-11D3-BF4B-00C04F79EFBC}") = "Harjoitus2_NiklasVuorio", "Harjoitus2_NiklasVuorio\Harjoitus2_NiklasVuorio.csproj", "{F5D4B472-B29F-454C-8463-74FAFD35EA40}"
EndProject
Global
	GlobalSection(SolutionConfigurationPlatforms) = preSolution
		Debug|Any CPU = Debug|Any CPU
		Release|Any CPU = Release|Any CPU
	EndGlobalSection
	GlobalSection(ProjectConfigurationPlatforms) = postSolution
		{F5D4B472-B29F-454C-8463-74FAFD35EA40}.Debug|Any CPU.ActiveCfg = Debug|Any CPU
		{F5D4B472-B29F-454C-8463-74FAFD35EA40}.Debug|Any CPU.Build.0 = Debug|Any CPU
		{F5D4B472-B29F-454C-8463-74FAFD35EA40}.Release|Any CPU.ActiveCfg = Release|Any CPU
		{F5D4B472-B29F-454C-8463-74FAFD35EA40}.Release|Any CPU.Build.0 = Release|Any CPU
	EndGlobalSection
	GlobalSection(SolutionProperties) = preSolution
		HideSolutionNode = FALSE
	EndGlobalSection
	GlobalSection(ExtensibilityGlobals) = postSolution
		SolutionGuid = {A90A4BB1-DDDF-4D5A-9A57-1D7F931C046E}
	EndGlobalSection
EndGlobal
