
Microsoft Visual Studio Solution File, Format Version 12.00
# Visual Studio Version 17
VisualStudioVersion = 17.2.32526.322
MinimumVisualStudioVersion = 10.0.40219.1
Project("{FAE04EC0-301F-11D3-BF4B-00C04F79EFBC}") = "Harjoitus19_NiklasVuorio", "Harjoitus19_NiklasVuorio\Harjoitus19_NiklasVuorio.csproj", "{17964574-924B-4B6F-A1F3-4806BDF04921}"
EndProject
Global
	GlobalSection(SolutionConfigurationPlatforms) = preSolution
		Debug|Any CPU = Debug|Any CPU
		Release|Any CPU = Release|Any CPU
	EndGlobalSection
	GlobalSection(ProjectConfigurationPlatforms) = postSolution
		{17964574-924B-4B6F-A1F3-4806BDF04921}.Debug|Any CPU.ActiveCfg = Debug|Any CPU
		{17964574-924B-4B6F-A1F3-4806BDF04921}.Debug|Any CPU.Build.0 = Debug|Any CPU
		{17964574-924B-4B6F-A1F3-4806BDF04921}.Release|Any CPU.ActiveCfg = Release|Any CPU
		{17964574-924B-4B6F-A1F3-4806BDF04921}.Release|Any CPU.Build.0 = Release|Any CPU
	EndGlobalSection
	GlobalSection(SolutionProperties) = preSolution
		HideSolutionNode = FALSE
	EndGlobalSection
	GlobalSection(ExtensibilityGlobals) = postSolution
		SolutionGuid = {C48BAC21-C0A1-4C19-BC3D-323993209393}
	EndGlobalSection
EndGlobal
