
Microsoft Visual Studio Solution File, Format Version 12.00
# Visual Studio Version 17
VisualStudioVersion = 17.2.32526.322
MinimumVisualStudioVersion = 10.0.40219.1
Project("{FAE04EC0-301F-11D3-BF4B-00C04F79EFBC}") = "Harjoitus8_NiklasVuorio", "Harjoitus8_NiklasVuorio\Harjoitus8_NiklasVuorio.csproj", "{30E30378-D328-4994-BBAE-E4458BB20C90}"
EndProject
Global
	GlobalSection(SolutionConfigurationPlatforms) = preSolution
		Debug|Any CPU = Debug|Any CPU
		Release|Any CPU = Release|Any CPU
	EndGlobalSection
	GlobalSection(ProjectConfigurationPlatforms) = postSolution
		{30E30378-D328-4994-BBAE-E4458BB20C90}.Debug|Any CPU.ActiveCfg = Debug|Any CPU
		{30E30378-D328-4994-BBAE-E4458BB20C90}.Debug|Any CPU.Build.0 = Debug|Any CPU
		{30E30378-D328-4994-BBAE-E4458BB20C90}.Release|Any CPU.ActiveCfg = Release|Any CPU
		{30E30378-D328-4994-BBAE-E4458BB20C90}.Release|Any CPU.Build.0 = Release|Any CPU
	EndGlobalSection
	GlobalSection(SolutionProperties) = preSolution
		HideSolutionNode = FALSE
	EndGlobalSection
	GlobalSection(ExtensibilityGlobals) = postSolution
		SolutionGuid = {92C4F884-BBF2-4A37-BDE1-72DC2A55BB20}
	EndGlobalSection
EndGlobal
