
Microsoft Visual Studio Solution File, Format Version 12.00
# Visual Studio Version 17
VisualStudioVersion = 17.2.32526.322
MinimumVisualStudioVersion = 10.0.40219.1
Project("{FAE04EC0-301F-11D3-BF4B-00C04F79EFBC}") = "Harjoitus4_NiklasVuorio", "Harjoitus4_NiklasVuorio\Harjoitus4_NiklasVuorio.csproj", "{17D075CB-E30E-445C-89F7-60D6A7F08297}"
EndProject
Global
	GlobalSection(SolutionConfigurationPlatforms) = preSolution
		Debug|Any CPU = Debug|Any CPU
		Release|Any CPU = Release|Any CPU
	EndGlobalSection
	GlobalSection(ProjectConfigurationPlatforms) = postSolution
		{17D075CB-E30E-445C-89F7-60D6A7F08297}.Debug|Any CPU.ActiveCfg = Debug|Any CPU
		{17D075CB-E30E-445C-89F7-60D6A7F08297}.Debug|Any CPU.Build.0 = Debug|Any CPU
		{17D075CB-E30E-445C-89F7-60D6A7F08297}.Release|Any CPU.ActiveCfg = Release|Any CPU
		{17D075CB-E30E-445C-89F7-60D6A7F08297}.Release|Any CPU.Build.0 = Release|Any CPU
	EndGlobalSection
	GlobalSection(SolutionProperties) = preSolution
		HideSolutionNode = FALSE
	EndGlobalSection
	GlobalSection(ExtensibilityGlobals) = postSolution
		SolutionGuid = {867BEFBF-A10D-4F73-97A1-CD5E0C8A81BC}
	EndGlobalSection
EndGlobal
