
Microsoft Visual Studio Solution File, Format Version 12.00
# Visual Studio Version 17
VisualStudioVersion = 17.2.32526.322
MinimumVisualStudioVersion = 10.0.40219.1
Project("{FAE04EC0-301F-11D3-BF4B-00C04F79EFBC}") = "Harjoitus11_NiklasVuorio", "Harjoitus11_NiklasVuorio\Harjoitus11_NiklasVuorio.csproj", "{9FFB16A2-4B4B-4FE5-BE1E-B844AB3A29BC}"
EndProject
Global
	GlobalSection(SolutionConfigurationPlatforms) = preSolution
		Debug|Any CPU = Debug|Any CPU
		Release|Any CPU = Release|Any CPU
	EndGlobalSection
	GlobalSection(ProjectConfigurationPlatforms) = postSolution
		{9FFB16A2-4B4B-4FE5-BE1E-B844AB3A29BC}.Debug|Any CPU.ActiveCfg = Debug|Any CPU
		{9FFB16A2-4B4B-4FE5-BE1E-B844AB3A29BC}.Debug|Any CPU.Build.0 = Debug|Any CPU
		{9FFB16A2-4B4B-4FE5-BE1E-B844AB3A29BC}.Release|Any CPU.ActiveCfg = Release|Any CPU
		{9FFB16A2-4B4B-4FE5-BE1E-B844AB3A29BC}.Release|Any CPU.Build.0 = Release|Any CPU
	EndGlobalSection
	GlobalSection(SolutionProperties) = preSolution
		HideSolutionNode = FALSE
	EndGlobalSection
	GlobalSection(ExtensibilityGlobals) = postSolution
		SolutionGuid = {30FC31FD-2DAD-46AC-924B-7BC184C01903}
	EndGlobalSection
EndGlobal
