
Microsoft Visual Studio Solution File, Format Version 12.00
# Visual Studio Version 17
VisualStudioVersion = 17.2.32526.322
MinimumVisualStudioVersion = 10.0.40219.1
Project("{FAE04EC0-301F-11D3-BF4B-00C04F79EFBC}") = "Harjoitus12_NiklasVuorio", "Harjoitus12_NiklasVuorio\Harjoitus12_NiklasVuorio.csproj", "{D5A5F5A2-C225-4D86-B5A2-08178D423681}"
EndProject
Global
	GlobalSection(SolutionConfigurationPlatforms) = preSolution
		Debug|Any CPU = Debug|Any CPU
		Release|Any CPU = Release|Any CPU
	EndGlobalSection
	GlobalSection(ProjectConfigurationPlatforms) = postSolution
		{D5A5F5A2-C225-4D86-B5A2-08178D423681}.Debug|Any CPU.ActiveCfg = Debug|Any CPU
		{D5A5F5A2-C225-4D86-B5A2-08178D423681}.Debug|Any CPU.Build.0 = Debug|Any CPU
		{D5A5F5A2-C225-4D86-B5A2-08178D423681}.Release|Any CPU.ActiveCfg = Release|Any CPU
		{D5A5F5A2-C225-4D86-B5A2-08178D423681}.Release|Any CPU.Build.0 = Release|Any CPU
	EndGlobalSection
	GlobalSection(SolutionProperties) = preSolution
		HideSolutionNode = FALSE
	EndGlobalSection
	GlobalSection(ExtensibilityGlobals) = postSolution
		SolutionGuid = {92F01D16-161D-4F3E-9B65-7AB3922182DB}
	EndGlobalSection
EndGlobal
